// !$*UTF8*$!
{
	archiveVersion = 1;
	classes = {
	};
	objectVersion = 46;
	objects = {

/* Begin PBXBuildFile section */
		CCAA60CF3D34EB510A320C93 /* Pods_OpenEventsDemo.framework in Frameworks */ = {isa = PBXBuildFile; fileRef = E49CB6E348D212364B8CFFB3 /* Pods_OpenEventsDemo.framework */; };
		FC82A1F71DA5CE9900CCE93F /* AppDelegate.swift in Sources */ = {isa = PBXBuildFile; fileRef = FC82A1F61DA5CE9900CCE93F /* AppDelegate.swift */; };
		FC82A1FC1DA5CE9900CCE93F /* Main.storyboard in Resources */ = {isa = PBXBuildFile; fileRef = FC82A1FA1DA5CE9900CCE93F /* Main.storyboard */; };
		FC82A1FE1DA5CE9900CCE93F /* Assets.xcassets in Resources */ = {isa = PBXBuildFile; fileRef = FC82A1FD1DA5CE9900CCE93F /* Assets.xcassets */; };
		FC82A2011DA5CE9900CCE93F /* LaunchScreen.storyboard in Resources */ = {isa = PBXBuildFile; fileRef = FC82A1FF1DA5CE9900CCE93F /* LaunchScreen.storyboard */; };
		FC82A2091DA5D6AD00CCE93F /* OpenEventsTableViewController.swift in Sources */ = {isa = PBXBuildFile; fileRef = FC82A2081DA5D6AD00CCE93F /* OpenEventsTableViewController.swift */; };
		FC82A20B1DA6F52D00CCE93F /* OpenEvent.swift in Sources */ = {isa = PBXBuildFile; fileRef = FC82A20A1DA6F52D00CCE93F /* OpenEvent.swift */; };
		FC82A20D1DA6F82900CCE93F /* Alert.swift in Sources */ = {isa = PBXBuildFile; fileRef = FC82A20C1DA6F82900CCE93F /* Alert.swift */; };
		FC82A2101DA6FADA00CCE93F /* OpenEventTableViewCell.swift in Sources */ = {isa = PBXBuildFile; fileRef = FC82A20E1DA6FADA00CCE93F /* OpenEventTableViewCell.swift */; };
		FC82A2111DA6FADA00CCE93F /* OpenEventTableViewCell.xib in Resources */ = {isa = PBXBuildFile; fileRef = FC82A20F1DA6FADA00CCE93F /* OpenEventTableViewCell.xib */; };
		FC82A2141DA7173400CCE93F /* APIManager.swift in Sources */ = {isa = PBXBuildFile; fileRef = FC82A2131DA7173400CCE93F /* APIManager.swift */; };
		FC82A21D1DA7212B00CCE93F /* Address.swift in Sources */ = {isa = PBXBuildFile; fileRef = FC82A21C1DA7212B00CCE93F /* Address.swift */; };
/* End PBXBuildFile section */

/* Begin PBXFileReference section */
		C552EC798175EA2E395FAE8B /* Pods-OpenEventsDemo.debug.xcconfig */ = {isa = PBXFileReference; includeInIndex = 1; lastKnownFileType = text.xcconfig; name = "Pods-OpenEventsDemo.debug.xcconfig"; path = "Pods/Target Support Files/Pods-OpenEventsDemo/Pods-OpenEventsDemo.debug.xcconfig"; sourceTree = "<group>"; };
		D12F770A001590BD05DF9637 /* Pods-OpenEventsDemo.release.xcconfig */ = {isa = PBXFileReference; includeInIndex = 1; lastKnownFileType = text.xcconfig; name = "Pods-OpenEventsDemo.release.xcconfig"; path = "Pods/Target Support Files/Pods-OpenEventsDemo/Pods-OpenEventsDemo.release.xcconfig"; sourceTree = "<group>"; };
		E49CB6E348D212364B8CFFB3 /* Pods_OpenEventsDemo.framework */ = {isa = PBXFileReference; explicitFileType = wrapper.framework; includeInIndex = 0; path = Pods_OpenEventsDemo.framework; sourceTree = BUILT_PRODUCTS_DIR; };
		FC82A1F31DA5CE9900CCE93F /* OpenEventsDemo.app */ = {isa = PBXFileReference; explicitFileType = wrapper.application; includeInIndex = 0; path = OpenEventsDemo.app; sourceTree = BUILT_PRODUCTS_DIR; };
		FC82A1F61DA5CE9900CCE93F /* AppDelegate.swift */ = {isa = PBXFileReference; lastKnownFileType = sourcecode.swift; path = AppDelegate.swift; sourceTree = "<group>"; };
		FC82A1FB1DA5CE9900CCE93F /* Base */ = {isa = PBXFileReference; lastKnownFileType = file.storyboard; name = Base; path = Base.lproj/Main.storyboard; sourceTree = "<group>"; };
		FC82A1FD1DA5CE9900CCE93F /* Assets.xcassets */ = {isa = PBXFileReference; lastKnownFileType = folder.assetcatalog; path = Assets.xcassets; sourceTree = "<group>"; };
		FC82A2001DA5CE9900CCE93F /* Base */ = {isa = PBXFileReference; lastKnownFileType = file.storyboard; name = Base; path = Base.lproj/LaunchScreen.storyboard; sourceTree = "<group>"; };
		FC82A2021DA5CE9900CCE93F /* Info.plist */ = {isa = PBXFileReference; lastKnownFileType = text.plist.xml; path = Info.plist; sourceTree = "<group>"; };
		FC82A2081DA5D6AD00CCE93F /* OpenEventsTableViewController.swift */ = {isa = PBXFileReference; fileEncoding = 4; lastKnownFileType = sourcecode.swift; path = OpenEventsTableViewController.swift; sourceTree = "<group>"; };
		FC82A20A1DA6F52D00CCE93F /* OpenEvent.swift */ = {isa = PBXFileReference; fileEncoding = 4; lastKnownFileType = sourcecode.swift; path = OpenEvent.swift; sourceTree = "<group>"; };
		FC82A20C1DA6F82900CCE93F /* Alert.swift */ = {isa = PBXFileReference; fileEncoding = 4; lastKnownFileType = sourcecode.swift; path = Alert.swift; sourceTree = "<group>"; };
		FC82A20E1DA6FADA00CCE93F /* OpenEventTableViewCell.swift */ = {isa = PBXFileReference; fileEncoding = 4; lastKnownFileType = sourcecode.swift; path = OpenEventTableViewCell.swift; sourceTree = "<group>"; };
		FC82A20F1DA6FADA00CCE93F /* OpenEventTableViewCell.xib */ = {isa = PBXFileReference; fileEncoding = 4; lastKnownFileType = file.xib; path = OpenEventTableViewCell.xib; sourceTree = "<group>"; };
		FC82A2121DA703BD00CCE93F /* BridgingHeader.h */ = {isa = PBXFileReference; lastKnownFileType = sourcecode.c.h; path = BridgingHeader.h; sourceTree = "<group>"; };
		FC82A2131DA7173400CCE93F /* APIManager.swift */ = {isa = PBXFileReference; fileEncoding = 4; lastKnownFileType = sourcecode.swift; path = APIManager.swift; sourceTree = "<group>"; };
		FC82A21C1DA7212B00CCE93F /* Address.swift */ = {isa = PBXFileReference; fileEncoding = 4; lastKnownFileType = sourcecode.swift; path = Address.swift; sourceTree = "<group>"; };
/* End PBXFileReference section */

/* Begin PBXFrameworksBuildPhase section */
		FC82A1F01DA5CE9900CCE93F /* Frameworks */ = {
			isa = PBXFrameworksBuildPhase;
			buildActionMask = 2147483647;
			files = (
				CCAA60CF3D34EB510A320C93 /* Pods_OpenEventsDemo.framework in Frameworks */,
			);
			runOnlyForDeploymentPostprocessing = 0;
		};
/* End PBXFrameworksBuildPhase section */

/* Begin PBXGroup section */
		95CE62FB4B3FBED5DDEB30EF /* Pods */ = {
			isa = PBXGroup;
			children = (
				C552EC798175EA2E395FAE8B /* Pods-OpenEventsDemo.debug.xcconfig */,
				D12F770A001590BD05DF9637 /* Pods-OpenEventsDemo.release.xcconfig */,
			);
			name = Pods;
			sourceTree = "<group>";
		};
		FC82A1EA1DA5CE9900CCE93F = {
			isa = PBXGroup;
			children = (
				FC82A1F51DA5CE9900CCE93F /* OpenEventsDemo */,
				FC82A1F41DA5CE9900CCE93F /* Products */,
				95CE62FB4B3FBED5DDEB30EF /* Pods */,
				FE657B0A3D8894CD5E350B2A /* Frameworks */,
			);
			sourceTree = "<group>";
		};
		FC82A1F41DA5CE9900CCE93F /* Products */ = {
			isa = PBXGroup;
			children = (
				FC82A1F31DA5CE9900CCE93F /* OpenEventsDemo.app */,
			);
			name = Products;
			sourceTree = "<group>";
		};
		FC82A1F51DA5CE9900CCE93F /* OpenEventsDemo */ = {
			isa = PBXGroup;
			children = (
				FC82A2191DA720D600CCE93F /* AppDelegate */,
				FC82A2181DA720CD00CCE93F /* Storyboards */,
				FC82A2151DA7207900CCE93F /* Model */,
				FC82A21A1DA720E100CCE93F /* Custom Cells */,
				FC82A2161DA7209500CCE93F /* API */,
				FC82A2171DA720AE00CCE93F /* ViewController */,
				FC82A20C1DA6F82900CCE93F /* Alert.swift */,
				FC82A1FD1DA5CE9900CCE93F /* Assets.xcassets */,
				FC82A1FF1DA5CE9900CCE93F /* LaunchScreen.storyboard */,
				FC82A2121DA703BD00CCE93F /* BridgingHeader.h */,
				FC82A2021DA5CE9900CCE93F /* Info.plist */,
			);
			path = OpenEventsDemo;
			sourceTree = "<group>";
		};
		FC82A2151DA7207900CCE93F /* Model */ = {
			isa = PBXGroup;
			children = (
				FC82A20A1DA6F52D00CCE93F /* OpenEvent.swift */,
				FC82A21C1DA7212B00CCE93F /* Address.swift */,
			);
			name = Model;
			sourceTree = "<group>";
		};
		FC82A2161DA7209500CCE93F /* API */ = {
			isa = PBXGroup;
			children = (
				FC82A2131DA7173400CCE93F /* APIManager.swift */,
			);
			name = API;
			sourceTree = "<group>";
		};
		FC82A2171DA720AE00CCE93F /* ViewController */ = {
			isa = PBXGroup;
			children = (
				FC82A2081DA5D6AD00CCE93F /* OpenEventsTableViewController.swift */,
			);
			name = ViewController;
			sourceTree = "<group>";
		};
		FC82A2181DA720CD00CCE93F /* Storyboards */ = {
			isa = PBXGroup;
			children = (
				FC82A1FA1DA5CE9900CCE93F /* Main.storyboard */,
			);
			name = Storyboards;
			sourceTree = "<group>";
		};
		FC82A2191DA720D600CCE93F /* AppDelegate */ = {
			isa = PBXGroup;
			children = (
				FC82A1F61DA5CE9900CCE93F /* AppDelegate.swift */,
			);
			name = AppDelegate;
			sourceTree = "<group>";
		};
		FC82A21A1DA720E100CCE93F /* Custom Cells */ = {
			isa = PBXGroup;
			children = (
				FC82A20E1DA6FADA00CCE93F /* OpenEventTableViewCell.swift */,
				FC82A21B1DA7210100CCE93F /* nib */,
			);
			name = "Custom Cells";
			sourceTree = "<group>";
		};
		FC82A21B1DA7210100CCE93F /* nib */ = {
			isa = PBXGroup;
			children = (
				FC82A20F1DA6FADA00CCE93F /* OpenEventTableViewCell.xib */,
			);
			name = nib;
			sourceTree = "<group>";
		};
		FE657B0A3D8894CD5E350B2A /* Frameworks */ = {
			isa = PBXGroup;
			children = (
				E49CB6E348D212364B8CFFB3 /* Pods_OpenEventsDemo.framework */,
			);
			name = Frameworks;
			sourceTree = "<group>";
		};
/* End PBXGroup section */

/* Begin PBXNativeTarget section */
		FC82A1F21DA5CE9900CCE93F /* OpenEventsDemo */ = {
			isa = PBXNativeTarget;
			buildConfigurationList = FC82A2051DA5CE9900CCE93F /* Build configuration list for PBXNativeTarget "OpenEventsDemo" */;
			buildPhases = (
				FAAC31D52C81040ED2EA6B43 /* [CP] Check Pods Manifest.lock */,
				FC82A1EF1DA5CE9900CCE93F /* Sources */,
				FC82A1F01DA5CE9900CCE93F /* Frameworks */,
				FC82A1F11DA5CE9900CCE93F /* Resources */,
				9CF8BE108234BCECA26FEAE8 /* [CP] Embed Pods Frameworks */,
				215ECB6E98E9132356A30EF5 /* [CP] Copy Pods Resources */,
			);
			buildRules = (
			);
			dependencies = (
			);
			name = OpenEventsDemo;
			productName = OpenEventsDemo;
			productReference = FC82A1F31DA5CE9900CCE93F /* OpenEventsDemo.app */;
			productType = "com.apple.product-type.application";
		};
/* End PBXNativeTarget section */

/* Begin PBXProject section */
		FC82A1EB1DA5CE9900CCE93F /* Project object */ = {
			isa = PBXProject;
			attributes = {
				LastSwiftUpdateCheck = 0800;
				LastUpgradeCheck = 0800;
				ORGANIZATIONNAME = jm;
				TargetAttributes = {
					FC82A1F21DA5CE9900CCE93F = {
						CreatedOnToolsVersion = 8.0;
						DevelopmentTeam = 2TS3HUJ7ND;
						ProvisioningStyle = Manual;
					};
				};
			};
			buildConfigurationList = FC82A1EE1DA5CE9900CCE93F /* Build configuration list for PBXProject "OpenEventsDemo" */;
			compatibilityVersion = "Xcode 3.2";
			developmentRegion = English;
			hasScannedForEncodings = 0;
			knownRegions = (
				en,
				Base,
			);
			mainGroup = FC82A1EA1DA5CE9900CCE93F;
			productRefGroup = FC82A1F41DA5CE9900CCE93F /* Products */;
			projectDirPath = "";
			projectRoot = "";
			targets = (
				FC82A1F21DA5CE9900CCE93F /* OpenEventsDemo */,
			);
		};
/* End PBXProject section */

/* Begin PBXResourcesBuildPhase section */
		FC82A1F11DA5CE9900CCE93F /* Resources */ = {
			isa = PBXResourcesBuildPhase;
			buildActionMask = 2147483647;
			files = (
				FC82A2011DA5CE9900CCE93F /* LaunchScreen.storyboard in Resources */,
				FC82A1FE1DA5CE9900CCE93F /* Assets.xcassets in Resources */,
				FC82A2111DA6FADA00CCE93F /* OpenEventTableViewCell.xib in Resources */,
				FC82A1FC1DA5CE9900CCE93F /* Main.storyboard in Resources */,
			);
			runOnlyForDeploymentPostprocessing = 0;
		};
/* End PBXResourcesBuildPhase section */

/* Begin PBXShellScriptBuildPhase section */
		215ECB6E98E9132356A30EF5 /* [CP] Copy Pods Resources */ = {
			isa = PBXShellScriptBuildPhase;
			buildActionMask = 2147483647;
			files = (
			);
			inputPaths = (
			);
			name = "[CP] Copy Pods Resources";
			outputPaths = (
			);
			runOnlyForDeploymentPostprocessing = 0;
			shellPath = /bin/sh;
			shellScript = "\"${SRCROOT}/Pods/Target Support Files/Pods-OpenEventsDemo/Pods-OpenEventsDemo-resources.sh\"\n";
			showEnvVarsInLog = 0;
		};
		9CF8BE108234BCECA26FEAE8 /* [CP] Embed Pods Frameworks */ = {
			isa = PBXShellScriptBuildPhase;
			buildActionMask = 2147483647;
			files = (
			);
			inputPaths = (
			);
			name = "[CP] Embed Pods Frameworks";
			outputPaths = (
			);
			runOnlyForDeploymentPostprocessing = 0;
			shellPath = /bin/sh;
			shellScript = "\"${SRCROOT}/Pods/Target Support Files/Pods-OpenEventsDemo/Pods-OpenEventsDemo-frameworks.sh\"\n";
			showEnvVarsInLog = 0;
		};
		FAAC31D52C81040ED2EA6B43 /* [CP] Check Pods Manifest.lock */ = {
			isa = PBXShellScriptBuildPhase;
			buildActionMask = 2147483647;
			files = (
			);
			inputPaths = (
			);
			name = "[CP] Check Pods Manifest.lock";
			outputPaths = (
			);
			runOnlyForDeploymentPostprocessing = 0;
			shellPath = /bin/sh;
			shellScript = "diff \"${PODS_ROOT}/../Podfile.lock\" \"${PODS_ROOT}/Manifest.lock\" > /dev/null\nif [ $? != 0 ] ; then\n    # print error to STDERR\n    echo \"error: The sandbox is not in sync with the Podfile.lock. Run 'pod install' or update your CocoaPods installation.\" >&2\n    exit 1\nfi\n";
			showEnvVarsInLog = 0;
		};
/* End PBXShellScriptBuildPhase section */

/* Begin PBXSourcesBuildPhase section */
		FC82A1EF1DA5CE9900CCE93F /* Sources */ = {
			isa = PBXSourcesBuildPhase;
			buildActionMask = 2147483647;
			files = (
				FC82A2141DA7173400CCE93F /* APIManager.swift in Sources */,
				FC82A20B1DA6F52D00CCE93F /* OpenEvent.swift in Sources */,
				FC82A2091DA5D6AD00CCE93F /* OpenEventsTableViewController.swift in Sources */,
				FC82A2101DA6FADA00CCE93F /* OpenEventTableViewCell.swift in Sources */,
				FC82A20D1DA6F82900CCE93F /* Alert.swift in Sources */,
				FC82A1F71DA5CE9900CCE93F /* AppDelegate.swift in Sources */,
				FC82A21D1DA7212B00CCE93F /* Address.swift in Sources */,
			);
			runOnlyForDeploymentPostprocessing = 0;
		};
/* End PBXSourcesBuildPhase section */

/* Begin PBXVariantGroup section */
		FC82A1FA1DA5CE9900CCE93F /* Main.storyboard */ = {
			isa = PBXVariantGroup;
			children = (
				FC82A1FB1DA5CE9900CCE93F /* Base */,
			);
			name = Main.storyboard;
			sourceTree = "<group>";
		};
		FC82A1FF1DA5CE9900CCE93F /* LaunchScreen.storyboard */ = {
			isa = PBXVariantGroup;
			children = (
				FC82A2001DA5CE9900CCE93F /* Base */,
			);
			name = LaunchScreen.storyboard;
			sourceTree = "<group>";
		};
/* End PBXVariantGroup section */

/* Begin XCBuildConfiguration section */
		FC82A2031DA5CE9900CCE93F /* Debug */ = {
			isa = XCBuildConfiguration;
			buildSettings = {
				ALWAYS_SEARCH_USER_PATHS = NO;
				CLANG_ANALYZER_NONNULL = YES;
				CLANG_CXX_LANGUAGE_STANDARD = "gnu++0x";
				CLANG_CXX_LIBRARY = "libc++";
				CLANG_ENABLE_MODULES = YES;
				CLANG_ENABLE_OBJC_ARC = YES;
				CLANG_WARN_BOOL_CONVERSION = YES;
				CLANG_WARN_CONSTANT_CONVERSION = YES;
				CLANG_WARN_DIRECT_OBJC_ISA_USAGE = YES_ERROR;
				CLANG_WARN_DOCUMENTATION_COMMENTS = YES;
				CLANG_WARN_EMPTY_BODY = YES;
				CLANG_WARN_ENUM_CONVERSION = YES;
				CLANG_WARN_INFINITE_RECURSION = YES;
				CLANG_WARN_INT_CONVERSION = YES;
				CLANG_WARN_OBJC_ROOT_CLASS = YES_ERROR;
				CLANG_WARN_SUSPICIOUS_MOVE = YES;
				CLANG_WARN_SUSPICIOUS_MOVES = YES;
				CLANG_WARN_UNREACHABLE_CODE = YES;
				CLANG_WARN__DUPLICATE_METHOD_MATCH = YES;
				"CODE_SIGN_IDENTITY[sdk=iphoneos*]" = "iPhone Developer";
				COPY_PHASE_STRIP = NO;
				DEBUG_INFORMATION_FORMAT = dwarf;
				ENABLE_STRICT_OBJC_MSGSEND = YES;
				ENABLE_TESTABILITY = YES;
				GCC_C_LANGUAGE_STANDARD = gnu99;
				GCC_DYNAMIC_NO_PIC = NO;
				GCC_NO_COMMON_BLOCKS = YES;
				GCC_OPTIMIZATION_LEVEL = 0;
				GCC_PREPROCESSOR_DEFINITIONS = (
					"DEBUG=1",
					"$(inherited)",
				);
				GCC_WARN_64_TO_32_BIT_CONVERSION = YES;
				GCC_WARN_ABOUT_RETURN_TYPE = YES_ERROR;
				GCC_WARN_UNDECLARED_SELECTOR = YES;
				GCC_WARN_UNINITIALIZED_AUTOS = YES_AGGRESSIVE;
				GCC_WARN_UNUSED_FUNCTION = YES;
				GCC_WARN_UNUSED_VARIABLE = YES;
				IPHONEOS_DEPLOYMENT_TARGET = 10.0;
				MTL_ENABLE_DEBUG_INFO = YES;
				ONLY_ACTIVE_ARCH = YES;
				SDKROOT = iphoneos;
				SWIFT_ACTIVE_COMPILATION_CONDITIONS = DEBUG;
				SWIFT_OPTIMIZATION_LEVEL = "-Onone";
			};
			name = Debug;
		};
		FC82A2041DA5CE9900CCE93F /* Release */ = {
			isa = XCBuildConfiguration;
			buildSettings = {
				ALWAYS_SEARCH_USER_PATHS = NO;
				CLANG_ANALYZER_NONNULL = YES;
				CLANG_CXX_LANGUAGE_STANDARD = "gnu++0x";
				CLANG_CXX_LIBRARY = "libc++";
				CLANG_ENABLE_MODULES = YES;
				CLANG_ENABLE_OBJC_ARC = YES;
				CLANG_WARN_BOOL_CONVERSION = YES;
				CLANG_WARN_CONSTANT_CONVERSION = YES;
				CLANG_WARN_DIRECT_OBJC_ISA_USAGE = YES_ERROR;
				CLANG_WARN_DOCUMENTATION_COMMENTS = YES;
				CLANG_WARN_EMPTY_BODY = YES;
				CLANG_WARN_ENUM_CONVERSION = YES;
				CLANG_WARN_INFINITE_RECURSION = YES;
				CLANG_WARN_INT_CONVERSION = YES;
				CLANG_WARN_OBJC_ROOT_CLASS = YES_ERROR;
				CLANG_WARN_SUSPICIOUS_MOVE = YES;
				CLANG_WARN_SUSPICIOUS_MOVES = YES;
				CLANG_WARN_UNREACHABLE_CODE = YES;
				CLANG_WARN__DUPLICATE_METHOD_MATCH = YES;
				"CODE_SIGN_IDENTITY[sdk=iphoneos*]" = "iPhone Developer";
				COPY_PHASE_STRIP = NO;
				DEBUG_INFORMATION_FORMAT = "dwarf-with-dsym";
				ENABLE_NS_ASSERTIONS = NO;
				ENABLE_STRICT_OBJC_MSGSEND = YES;
				GCC_C_LANGUAGE_STANDARD = gnu99;
				GCC_NO_COMMON_BLOCKS = YES;
				GCC_WARN_64_TO_32_BIT_CONVERSION = YES;
				GCC_WARN_ABOUT_RETURN_TYPE = YES_ERROR;
				GCC_WARN_UNDECLARED_SELECTOR = YES;
				GCC_WARN_UNINITIALIZED_AUTOS = YES_AGGRESSIVE;
				GCC_WARN_UNUSED_FUNCTION = YES;
				GCC_WARN_UNUSED_VARIABLE = YES;
				IPHONEOS_DEPLOYMENT_TARGET = 10.0;
				MTL_ENABLE_DEBUG_INFO = NO;
				SDKROOT = iphoneos;
				SWIFT_OPTIMIZATION_LEVEL = "-Owholemodule";
				VALIDATE_PRODUCT = YES;
			};
			name = Release;
		};
		FC82A2061DA5CE9900CCE93F /* Debug */ = {
			isa = XCBuildConfiguration;
			baseConfigurationReference = C552EC798175EA2E395FAE8B /* Pods-OpenEventsDemo.debug.xcconfig */;
			buildSettings = {
				ALWAYS_EMBED_SWIFT_STANDARD_LIBRARIES = YES;
				ASSETCATALOG_COMPILER_APPICON_NAME = AppIcon;
				"CODE_SIGN_IDENTITY[sdk=iphoneos*]" = "iPhone Distribution";
				DEVELOPMENT_TEAM = 2TS3HUJ7ND;
				INFOPLIST_FILE = OpenEventsDemo/Info.plist;
				LD_RUNPATH_SEARCH_PATHS = "$(inherited) @executable_path/Frameworks";
				PRODUCT_BUNDLE_IDENTIFIER = com.jm.OpenEventsDemo;
				PRODUCT_NAME = "$(TARGET_NAME)";
				PROVISIONING_PROFILE = "7b3a726c-550d-446a-bba9-f1a821ac468f";
				PROVISIONING_PROFILE_SPECIFIER = "XC: *";
				SWIFT_VERSION = 3.0;
			};
			name = Debug;
		};
		FC82A2071DA5CE9900CCE93F /* Release */ = {
			isa = XCBuildConfiguration;
			baseConfigurationReference = D12F770A001590BD05DF9637 /* Pods-OpenEventsDemo.release.xcconfig */;
			buildSettings = {
				ALWAYS_EMBED_SWIFT_STANDARD_LIBRARIES = YES;
				ASSETCATALOG_COMPILER_APPICON_NAME = AppIcon;
				"CODE_SIGN_IDENTITY[sdk=iphoneos*]" = "iPhone Distribution";
				DEVELOPMENT_TEAM = 2TS3HUJ7ND;
				INFOPLIST_FILE = OpenEventsDemo/Info.plist;
				LD_RUNPATH_SEARCH_PATHS = "$(inherited) @executable_path/Frameworks";
				PRODUCT_BUNDLE_IDENTIFIER = com.jm.OpenEventsDemo;
				PRODUCT_NAME = "$(TARGET_NAME)";
				PROVISIONING_PROFILE = "7b3a726c-550d-446a-bba9-f1a821ac468f";
				PROVISIONING_PROFILE_SPECIFIER = "XC: *";
				SWIFT_VERSION = 3.0;
			};
			name = Release;
		};
/* End XCBuildConfiguration section */

/* Begin XCConfigurationList section */
		FC82A1EE1DA5CE9900CCE93F /* Build configuration list for PBXProject "OpenEventsDemo" */ = {
			isa = XCConfigurationList;
			buildConfigurations = (
				FC82A2031DA5CE9900CCE93F /* Debug */,
				FC82A2041DA5CE9900CCE93F /* Release */,
			);
			defaultConfigurationIsVisible = 0;
			defaultConfigurationName = Release;
		};
		FC82A2051DA5CE9900CCE93F /* Build configuration list for PBXNativeTarget "OpenEventsDemo" */ = {
			isa = XCConfigurationList;
			buildConfigurations = (
				FC82A2061DA5CE9900CCE93F /* Debug */,
				FC82A2071DA5CE9900CCE93F /* Release */,
			);
			defaultConfigurationIsVisible = 0;
			defaultConfigurationName = Release;
		};
/* End XCConfigurationList section */
	};
	rootObject = FC82A1EB1DA5CE9900CCE93F /* Project object */;
}
